# This file was autogenerated by Stack.
# You should not edit this file by hand.
# For more information, please see the documentation at:
#   https://docs.haskellstack.org/en/stable/lock_files

packages:
- completed:
    hackage: co-log-0.4.0.1@sha256:3d4c17f37693c80d1aa2c41669bc3438fac3e89dc5f479e57d79bc3ddc4dfcc5,5087
    pantry-tree:
      size: 1126
      sha256: e73165ff8f744709428e2e87984c9d60ca1cec43d8455c413181c7c466e7497c
  original:
    hackage: co-log-0.4.0.1
- completed:
    hackage: co-log-sys-0.1.1.0@sha256:b9f31bbf78b5bd510264b1fda2cff94877ad093c3cc231ee5b9acb62f313978a,2560
    pantry-tree:
      size: 657
      sha256: 50fa269833da292ab1b6817bb8664c3f76276a65ff9baa9f38d0e19da90b04e3
  original:
    hackage: co-log-sys-0.1.1.0
- completed:
    hackage: componentm-0.0.0.2@sha256:d15df070056810a512183021d95af6fc99a4ff96a26352de4fe46b92ebc84728,2103
    pantry-tree:
      size: 629
      sha256: eb848cec860eb1588d5197a6e5441d60058aa006be610d2ca7388deac1c912e5
  original:
    hackage: componentm-0.0.0.2
- completed:
    name: caps
    version: '0.1'
    git: https://github.com/int-index/caps
    pantry-tree:
      size: 438
      sha256: 93bc2daeca749b4b4e69cb96dd7267d2107a18e8bffc533c738c697d17f698b0
    commit: 37ab7699570002ff92529cf92c8ca01d5419bb7b
  original:
    git: https://github.com/int-index/caps
    commit: 37ab7699570002ff92529cf92c8ca01d5419bb7b
- completed:
    name: zeromq4-haskell
    version: 0.7.0
    git: https://github.com/serokell/zeromq-haskell
    pantry-tree:
      size: 1549
      sha256: 44af9e65599823ae012cd740e3d5f4874ddeba7f027edf16600be9971f07310d
    commit: 714ac20981b2d346609fd896a1af4d31eb6d1162
  original:
    git: https://github.com/serokell/zeromq-haskell
    commit: 714ac20981b2d346609fd896a1af4d31eb6d1162
- completed:
    hackage: teardown-0.5.0.1@sha256:b7a6812637f79d81632bb7adebc5ad9a96fffacf3e5f655d5bf21728bd3786f9,2868
    pantry-tree:
      size: 742
      sha256: 386c90aef420c528d67581e2108bacbb648b8ca6d1bbd447e5f3a306db4b236c
  original:
    hackage: teardown-0.5.0.1
snapshots:
- completed:
    size: 587819
    url: https://raw.githubusercontent.com/commercialhaskell/stackage-snapshots/master/lts/18/23.yaml
    sha256: 7f69bb29a57495586e7e3ed31ecc59c0d2c959cb23bd52b71ca676f254c9beb1
  original: lts-18.23
